<?xml version="1.0" encoding="utf-8"?>
<Project DefaultTargets="Build" ToolsVersion="4.0" xmlns="http://schemas.microsoft.com/developer/msbuild/2003">
  <PropertyGroup>
    <Configuration Condition=" '$(Configuration)' == '' ">Debug</Configuration>
    <Platform Condition=" '$(Platform)' == '' ">AnyCPU</Platform>
    <ProjectGuid>{353320EE-BF1C-4586-A717-D9BF6BED382C}</ProjectGuid>
    <BaseDirectory>.</BaseDirectory>
    <Compiler>DMD2</Compiler>
    <PreferOneStepBuild>true</PreferOneStepBuild>
    <UseDefaultCompiler>true</UseDefaultCompiler>
    <IncrementalLinking>true</IncrementalLinking>
  </PropertyGroup>
  <PropertyGroup Condition=" '$(Configuration)|$(Platform)' == 'Debug|AnyCPU' ">
    <DebugSymbols>true</DebugSymbols>
    <OutputPath>bin\Debug</OutputPath>
    <Externalconsole>true</Externalconsole>
    <Target>Executable</Target>
    <OutputName>DTest</OutputName>
    <UnittestMode>false</UnittestMode>
    <LinkinThirdPartyLibraries>false</LinkinThirdPartyLibraries>
    <ObjectsDirectory>obj\Debug</ObjectsDirectory>
    <DebugLevel>0</DebugLevel>
  </PropertyGroup>
  <PropertyGroup Condition=" '$(Configuration)|$(Platform)' == 'Release|AnyCPU' ">
    <OutputPath>bin\Release</OutputPath>
    <Externalconsole>true</Externalconsole>
    <Target>Executable</Target>
    <OutputName>DTest</OutputName>
    <UnittestMode>false</UnittestMode>
    <LinkinThirdPartyLibraries>false</LinkinThirdPartyLibraries>
    <ObjectsDirectory>obj\Release</ObjectsDirectory>
    <DebugLevel>0</DebugLevel>
  </PropertyGroup>
  <PropertyGroup Condition=" '$(Configuration)|$(Platform)' == 'Unittest|AnyCPU' ">
    <DebugSymbols>true</DebugSymbols>
    <OutputPath>bin\Unittest</OutputPath>
    <Externalconsole>true</Externalconsole>
    <Target>Executable</Target>
    <OutputName>DTest</OutputName>
    <UnittestMode>true</UnittestMode>
    <LinkinThirdPartyLibraries>false</LinkinThirdPartyLibraries>
    <ObjectsDirectory>obj\Unittest</ObjectsDirectory>
    <DebugLevel>0</DebugLevel>
  </PropertyGroup>
  <ItemGroup>
    <Compile Include="main.d" />
    <Compile Include="Templates.d" />
    <Compile Include="VariadicFunc.d" />
    <Compile Include="StructuralTyping.d" />
    <Compile Include="GetterMixin.d" />
    <Compile Include="HexLiteral.d" />
  </ItemGroup>
</Project>